
Microsoft Visual Studio Solution File, Format Version 12.00
# Visual Studio 15
VisualStudioVersion = 15.0.26124.0
MinimumVisualStudioVersion = 15.0.26124.0
Project("{FAE04EC0-301F-11D3-BF4B-00C04F79EFBC}") = "Matrix.Api", "Matrix.Api\Matrix.Api.csproj", "{DBFD165F-5C9A-4123-B8D5-7484D0990044}"
EndProject
Project("{FAE04EC0-301F-11D3-BF4B-00C04F79EFBC}") = "Matrix.Api.Business", "Matrix.Api.Business\Matrix.Api.Business.csproj", "{8C7C4085-8650-46BA-A493-950EB9B88C96}"
EndProject
Global
	GlobalSection(SolutionConfigurationPlatforms) = preSolution
		Debug|Any CPU = Debug|Any CPU
		Debug|x64 = Debug|x64
		Debug|x86 = Debug|x86
		Release|Any CPU = Release|Any CPU
		Release|x64 = Release|x64
		Release|x86 = Release|x86
	EndGlobalSection
	GlobalSection(SolutionProperties) = preSolution
		HideSolutionNode = FALSE
	EndGlobalSection
	GlobalSection(ProjectConfigurationPlatforms) = postSolution
		{DBFD165F-5C9A-4123-B8D5-7484D0990044}.Debug|Any CPU.ActiveCfg = Debug|Any CPU
		{DBFD165F-5C9A-4123-B8D5-7484D0990044}.Debug|Any CPU.Build.0 = Debug|Any CPU
		{DBFD165F-5C9A-4123-B8D5-7484D0990044}.Debug|x64.ActiveCfg = Debug|Any CPU
		{DBFD165F-5C9A-4123-B8D5-7484D0990044}.Debug|x64.Build.0 = Debug|Any CPU
		{DBFD165F-5C9A-4123-B8D5-7484D0990044}.Debug|x86.ActiveCfg = Debug|Any CPU
		{DBFD165F-5C9A-4123-B8D5-7484D0990044}.Debug|x86.Build.0 = Debug|Any CPU
		{DBFD165F-5C9A-4123-B8D5-7484D0990044}.Release|Any CPU.ActiveCfg = Release|Any CPU
		{DBFD165F-5C9A-4123-B8D5-7484D0990044}.Release|Any CPU.Build.0 = Release|Any CPU
		{DBFD165F-5C9A-4123-B8D5-7484D0990044}.Release|x64.ActiveCfg = Release|Any CPU
		{DBFD165F-5C9A-4123-B8D5-7484D0990044}.Release|x64.Build.0 = Release|Any CPU
		{DBFD165F-5C9A-4123-B8D5-7484D0990044}.Release|x86.ActiveCfg = Release|Any CPU
		{DBFD165F-5C9A-4123-B8D5-7484D0990044}.Release|x86.Build.0 = Release|Any CPU
		{8C7C4085-8650-46BA-A493-950EB9B88C96}.Debug|Any CPU.ActiveCfg = Debug|Any CPU
		{8C7C4085-8650-46BA-A493-950EB9B88C96}.Debug|Any CPU.Build.0 = Debug|Any CPU
		{8C7C4085-8650-46BA-A493-950EB9B88C96}.Debug|x64.ActiveCfg = Debug|Any CPU
		{8C7C4085-8650-46BA-A493-950EB9B88C96}.Debug|x64.Build.0 = Debug|Any CPU
		{8C7C4085-8650-46BA-A493-950EB9B88C96}.Debug|x86.ActiveCfg = Debug|Any CPU
		{8C7C4085-8650-46BA-A493-950EB9B88C96}.Debug|x86.Build.0 = Debug|Any CPU
		{8C7C4085-8650-46BA-A493-950EB9B88C96}.Release|Any CPU.ActiveCfg = Release|Any CPU
		{8C7C4085-8650-46BA-A493-950EB9B88C96}.Release|Any CPU.Build.0 = Release|Any CPU
		{8C7C4085-8650-46BA-A493-950EB9B88C96}.Release|x64.ActiveCfg = Release|Any CPU
		{8C7C4085-8650-46BA-A493-950EB9B88C96}.Release|x64.Build.0 = Release|Any CPU
		{8C7C4085-8650-46BA-A493-950EB9B88C96}.Release|x86.ActiveCfg = Release|Any CPU
		{8C7C4085-8650-46BA-A493-950EB9B88C96}.Release|x86.Build.0 = Release|Any CPU
	EndGlobalSection
EndGlobal
